// !$*UTF8*$!
{
	archiveVersion = 1;
	classes = {
	};
	objectVersion = 56;
	objects = {

/* Begin PBXBuildFile section */
		5019A1A5D9F1092424200EB6 /* Pods_Yyussa_Rent_Yyussa_RentUITests.framework in Frameworks */ = {isa = PBXBuildFile; fileRef = C9ABEFE85A469A12C90D1947 /* Pods_Yyussa_Rent_Yyussa_RentUITests.framework */; };
		50BD38432251AF5A3D8A156D /* Pods_Yyussa_RentTests.framework in Frameworks */ = {isa = PBXBuildFile; fileRef = 1E9A81276A88653F293650C6 /* Pods_Yyussa_RentTests.framework */; };
		D01BD5C32A08EAF1004D095F /* User.swift in Sources */ = {isa = PBXBuildFile; fileRef = D01BD5C22A08EAF1004D095F /* User.swift */; };
		D01BD5C52A08EB9D004D095F /* Company.swift in Sources */ = {isa = PBXBuildFile; fileRef = D01BD5C42A08EB9D004D095F /* Company.swift */; };
		D01BD5C72A08EC0F004D095F /* Invoice.swift in Sources */ = {isa = PBXBuildFile; fileRef = D01BD5C62A08EC0F004D095F /* Invoice.swift */; };
		D01BD5C92A08ECA9004D095F /* Building.swift in Sources */ = {isa = PBXBuildFile; fileRef = D01BD5C82A08ECA9004D095F /* Building.swift */; };
		D01BD5CB2A08ECF0004D095F /* Payment.swift in Sources */ = {isa = PBXBuildFile; fileRef = D01BD5CA2A08ECF0004D095F /* Payment.swift */; };
		D01BD5CD2A08ED4B004D095F /* Room.swift in Sources */ = {isa = PBXBuildFile; fileRef = D01BD5CC2A08ED4B004D095F /* Room.swift */; };
		D01BD5D02A08EEF0004D095F /* UserRepository.swift in Sources */ = {isa = PBXBuildFile; fileRef = D01BD5CF2A08EEF0004D095F /* UserRepository.swift */; };
		D01BD5D22A08EF3F004D095F /* RentalRepository.swift in Sources */ = {isa = PBXBuildFile; fileRef = D01BD5D12A08EF3F004D095F /* RentalRepository.swift */; };
		D01BD5D52A08F320004D095F /* Alamofire in Frameworks */ = {isa = PBXBuildFile; productRef = D01BD5D42A08F320004D095F /* Alamofire */; };
		D01BD5D72A08F3AD004D095F /* ApiService.swift in Sources */ = {isa = PBXBuildFile; fileRef = D01BD5D62A08F3AD004D095F /* ApiService.swift */; };
		D01BD5DA2A08FC67004D095F /* UserRepositoryImpl.swift in Sources */ = {isa = PBXBuildFile; fileRef = D01BD5D92A08FC67004D095F /* UserRepositoryImpl.swift */; };
		D01BD5E12A090399004D095F /* RentalRepositoryImpl.swift in Sources */ = {isa = PBXBuildFile; fileRef = D01BD5E02A090399004D095F /* RentalRepositoryImpl.swift */; };
		D01BD5E32A0906E5004D095F /* AlamofireApiService.swift in Sources */ = {isa = PBXBuildFile; fileRef = D01BD5E22A0906E5004D095F /* AlamofireApiService.swift */; };
		D01BD5E62A0911B2004D095F /* GetRoomsUseCase.swift in Sources */ = {isa = PBXBuildFile; fileRef = D01BD5E52A0911B2004D095F /* GetRoomsUseCase.swift */; };
		D01BD5E82A0911D6004D095F /* GetInvoicesUseCase.swift in Sources */ = {isa = PBXBuildFile; fileRef = D01BD5E72A0911D6004D095F /* GetInvoicesUseCase.swift */; };
		D01BD5EA2A091258004D095F /* GetPaymentsUseCase.swift in Sources */ = {isa = PBXBuildFile; fileRef = D01BD5E92A091258004D095F /* GetPaymentsUseCase.swift */; };
		D01BD5EC2A09126F004D095F /* GetBuildingsUseCase.swift in Sources */ = {isa = PBXBuildFile; fileRef = D01BD5EB2A09126F004D095F /* GetBuildingsUseCase.swift */; };
		D01BD5EE2A091288004D095F /* GetUserUseCase.swift in Sources */ = {isa = PBXBuildFile; fileRef = D01BD5ED2A091288004D095F /* GetUserUseCase.swift */; };
		D01BD5F22A091356004D095F /* LoginUseCase.swift in Sources */ = {isa = PBXBuildFile; fileRef = D01BD5F12A091356004D095F /* LoginUseCase.swift */; };
		D01BD5F42A091485004D095F /* GetCompanyUseCase.swift in Sources */ = {isa = PBXBuildFile; fileRef = D01BD5F32A091485004D095F /* GetCompanyUseCase.swift */; };
		D01BD5F62A0914A4004D095F /* GetBuildingDuePaymentsUseCase.swift in Sources */ = {isa = PBXBuildFile; fileRef = D01BD5F52A0914A4004D095F /* GetBuildingDuePaymentsUseCase.swift */; };
		D01BD5F82A0914BA004D095F /* GetDuePaymentsUseCase.swift in Sources */ = {isa = PBXBuildFile; fileRef = D01BD5F72A0914BA004D095F /* GetDuePaymentsUseCase.swift */; };
		D01BD5FA2A0914D7004D095F /* GetBuildingDueInvoicesUseCase.swift in Sources */ = {isa = PBXBuildFile; fileRef = D01BD5F92A0914D7004D095F /* GetBuildingDueInvoicesUseCase.swift */; };
		D01BD5FC2A09150B004D095F /* GetDueInvoicesUseCase.swift in Sources */ = {isa = PBXBuildFile; fileRef = D01BD5FB2A09150B004D095F /* GetDueInvoicesUseCase.swift */; };
		D01BD5FE2A091522004D095F /* GetBuildingInvoicesUseCase.swift in Sources */ = {isa = PBXBuildFile; fileRef = D01BD5FD2A091522004D095F /* GetBuildingInvoicesUseCase.swift */; };
		D01BD6002A09153B004D095F /* GetBuildingRoomsUseCase.swift in Sources */ = {isa = PBXBuildFile; fileRef = D01BD5FF2A09153B004D095F /* GetBuildingRoomsUseCase.swift */; };
		D01BD6032A091A5E004D095F /* ResultState.swift in Sources */ = {isa = PBXBuildFile; fileRef = D01BD6022A091A5E004D095F /* ResultState.swift */; };
		D01BD6052A093471004D095F /* GetAvailableRoomsUseCase.swift in Sources */ = {isa = PBXBuildFile; fileRef = D01BD6042A093471004D095F /* GetAvailableRoomsUseCase.swift */; };
		D01BD6072A0934B8004D095F /* GetOccupiedRoomsUseCase.swift in Sources */ = {isa = PBXBuildFile; fileRef = D01BD6062A0934B8004D095F /* GetOccupiedRoomsUseCase.swift */; };
		D01BD6092A0939DC004D095F /* UseCasesProtocals.swift in Sources */ = {isa = PBXBuildFile; fileRef = D01BD6082A0939DC004D095F /* UseCasesProtocals.swift */; };
		D01BD60B2A093D19004D095F /* RentalUseCases.swift in Sources */ = {isa = PBXBuildFile; fileRef = D01BD60A2A093D19004D095F /* RentalUseCases.swift */; };
		D01BD60F2A0A2D1C004D095F /* BaseViewModel.swift in Sources */ = {isa = PBXBuildFile; fileRef = D01BD60E2A0A2D1C004D095F /* BaseViewModel.swift */; };
		D01BD6112A0A2D7A004D095F /* LoginViewModel.swift in Sources */ = {isa = PBXBuildFile; fileRef = D01BD6102A0A2D7A004D095F /* LoginViewModel.swift */; };
		D01BD6132A0A2F7F004D095F /* LoginState.swift in Sources */ = {isa = PBXBuildFile; fileRef = D01BD6122A0A2F7F004D095F /* LoginState.swift */; };
		D01BD6182A0A374D004D095F /* LoginView.swift in Sources */ = {isa = PBXBuildFile; fileRef = D01BD6172A0A374D004D095F /* LoginView.swift */; };
		D01BD6252A0A6758004D095F /* DependencyContainer.swift in Sources */ = {isa = PBXBuildFile; fileRef = D01BD6242A0A6758004D095F /* DependencyContainer.swift */; };
		D0737E3D2A0FC73B0059AF54 /* Launch Screen.storyboard in Resources */ = {isa = PBXBuildFile; fileRef = D0737E3C2A0FC73B0059AF54 /* Launch Screen.storyboard */; };
		D07AAB322A0A7FC3002B546D /* Color.swift in Sources */ = {isa = PBXBuildFile; fileRef = D07AAB312A0A7FC3002B546D /* Color.swift */; };
		D07AAB342A0B72FF002B546D /* UserViewModel.swift in Sources */ = {isa = PBXBuildFile; fileRef = D07AAB332A0B72FF002B546D /* UserViewModel.swift */; };
		D07AAB362A0B7A79002B546D /* RentalViewModel.swift in Sources */ = {isa = PBXBuildFile; fileRef = D07AAB352A0B7A79002B546D /* RentalViewModel.swift */; };
		D07AAB382A0B81CB002B546D /* DasboardState.swift in Sources */ = {isa = PBXBuildFile; fileRef = D07AAB372A0B81CB002B546D /* DasboardState.swift */; };
		D07AAB3A2A0B8B8B002B546D /* Screen.swift in Sources */ = {isa = PBXBuildFile; fileRef = D07AAB392A0B8B8B002B546D /* Screen.swift */; };
		D07AAB3D2A0B8F48002B546D /* BottomNavigationBar.swift in Sources */ = {isa = PBXBuildFile; fileRef = D07AAB3C2A0B8F48002B546D /* BottomNavigationBar.swift */; };
		D0A1166A2A0BBF9000A0A70E /* GetBuildingAvailableRoomsUseCaseImpl.swift in Sources */ = {isa = PBXBuildFile; fileRef = D0A116692A0BBF9000A0A70E /* GetBuildingAvailableRoomsUseCaseImpl.swift */; };
		D0A1166C2A0BC02800A0A70E /* GetBuildingOccupiedRoomsUseCaseImpl.swift in Sources */ = {isa = PBXBuildFile; fileRef = D0A1166B2A0BC02800A0A70E /* GetBuildingOccupiedRoomsUseCaseImpl.swift */; };
		D0A1166E2A0BE43500A0A70E /* ScreenContainerView.swift in Sources */ = {isa = PBXBuildFile; fileRef = D0A1166D2A0BE43500A0A70E /* ScreenContainerView.swift */; };
		D0A116702A0BE4B400A0A70E /* NavController.swift in Sources */ = {isa = PBXBuildFile; fileRef = D0A1166F2A0BE4B400A0A70E /* NavController.swift */; };
		D0A116722A0BE5CE00A0A70E /* DialogBoxLoading.swift in Sources */ = {isa = PBXBuildFile; fileRef = D0A116712A0BE5CE00A0A70E /* DialogBoxLoading.swift */; };
		D0A116742A0BEA4500A0A70E /* MainScreen.swift in Sources */ = {isa = PBXBuildFile; fileRef = D0A116732A0BEA4500A0A70E /* MainScreen.swift */; };
		D0A116782A0CD92000A0A70E /*   BoxView.swift in Sources */ = {isa = PBXBuildFile; fileRef = D0A116772A0CD92000A0A70E /*   BoxView.swift */; };
		D0A1167A2A0CE3D200A0A70E /* TopNavigationDrawer.swift in Sources */ = {isa = PBXBuildFile; fileRef = D0A116792A0CE3D200A0A70E /* TopNavigationDrawer.swift */; };
		D0A1167C2A0CE3E900A0A70E /* ProfileAndSettings.swift in Sources */ = {isa = PBXBuildFile; fileRef = D0A1167B2A0CE3E900A0A70E /* ProfileAndSettings.swift */; };
		D0A1167E2A0CE3F600A0A70E /* ProfileDetails.swift in Sources */ = {isa = PBXBuildFile; fileRef = D0A1167D2A0CE3F600A0A70E /* ProfileDetails.swift */; };
		D0A116802A0D2B9600A0A70E /* YearMonthDatePicker.swift in Sources */ = {isa = PBXBuildFile; fileRef = D0A1167F2A0D2B9600A0A70E /* YearMonthDatePicker.swift */; };
		D0AAFC2E2A0B974200046385 /* HomeScreen.swift in Sources */ = {isa = PBXBuildFile; fileRef = D0AAFC2D2A0B974200046385 /* HomeScreen.swift */; };
		D0AAFC302A0B985C00046385 /* InfoDialog.swift in Sources */ = {isa = PBXBuildFile; fileRef = D0AAFC2F2A0B985C00046385 /* InfoDialog.swift */; };
		D0AAFC332A0BA31E00046385 /* CardInfoView.swift in Sources */ = {isa = PBXBuildFile; fileRef = D0AAFC322A0BA31E00046385 /* CardInfoView.swift */; };
		D0AAFC352A0BA7A700046385 /* BuildingCard.swift in Sources */ = {isa = PBXBuildFile; fileRef = D0AAFC342A0BA7A700046385 /* BuildingCard.swift */; };
		D0AAFC372A0BA85700046385 /* BuildingsList.swift in Sources */ = {isa = PBXBuildFile; fileRef = D0AAFC362A0BA85700046385 /* BuildingsList.swift */; };
		D0AAFC3A2A0BB2A700046385 /* AllRoomsScreen.swift in Sources */ = {isa = PBXBuildFile; fileRef = D0AAFC392A0BB2A700046385 /* AllRoomsScreen.swift */; };
		D0AAFC3E2A0BB8FF00046385 /* buildCardInfoView.swift in Sources */ = {isa = PBXBuildFile; fileRef = D0AAFC3D2A0BB8FF00046385 /* buildCardInfoView.swift */; };
		D0B4F8BF2A0E6D1B002D4CC6 /* DateSelectionService.swift in Sources */ = {isa = PBXBuildFile; fileRef = D0B4F8BE2A0E6D1B002D4CC6 /* DateSelectionService.swift */; };
		D0CA15C82A0E3D3F005BE082 /* Shimmer in Frameworks */ = {isa = PBXBuildFile; productRef = D0CA15C72A0E3D3F005BE082 /* Shimmer */; };
		D0E8AF992A03D386002EF2F4 /* Yyussa_RentApp.swift in Sources */ = {isa = PBXBuildFile; fileRef = D0E8AF982A03D386002EF2F4 /* Yyussa_RentApp.swift */; };
		D0E8AF9B2A03D386002EF2F4 /* ContentView.swift in Sources */ = {isa = PBXBuildFile; fileRef = D0E8AF9A2A03D386002EF2F4 /* ContentView.swift */; };
		D0E8AF9D2A03D388002EF2F4 /* Assets.xcassets in Resources */ = {isa = PBXBuildFile; fileRef = D0E8AF9C2A03D388002EF2F4 /* Assets.xcassets */; };
		D0E8AFA02A03D388002EF2F4 /* Preview Assets.xcassets in Resources */ = {isa = PBXBuildFile; fileRef = D0E8AF9F2A03D388002EF2F4 /* Preview Assets.xcassets */; };
		D0E8AFA22A03D388002EF2F4 /* Persistence.swift in Sources */ = {isa = PBXBuildFile; fileRef = D0E8AFA12A03D388002EF2F4 /* Persistence.swift */; };
		D0E8AFA52A03D388002EF2F4 /* Yyussa_Rent.xcdatamodeld in Sources */ = {isa = PBXBuildFile; fileRef = D0E8AFA32A03D388002EF2F4 /* Yyussa_Rent.xcdatamodeld */; };
		D0E8AFAF2A03D389002EF2F4 /* Yyussa_RentTests.swift in Sources */ = {isa = PBXBuildFile; fileRef = D0E8AFAE2A03D389002EF2F4 /* Yyussa_RentTests.swift */; };
		D0E8AFB92A03D389002EF2F4 /* Yyussa_RentUITests.swift in Sources */ = {isa = PBXBuildFile; fileRef = D0E8AFB82A03D389002EF2F4 /* Yyussa_RentUITests.swift */; };
		D0E8AFBB2A03D389002EF2F4 /* Yyussa_RentUITestsLaunchTests.swift in Sources */ = {isa = PBXBuildFile; fileRef = D0E8AFBA2A03D389002EF2F4 /* Yyussa_RentUITestsLaunchTests.swift */; };
		DBE6338731AD203FE5DE244A /* Pods_Yyussa_Rent.framework in Frameworks */ = {isa = PBXBuildFile; fileRef = 5149C033C848AF8DCBB961F8 /* Pods_Yyussa_Rent.framework */; };
/* End PBXBuildFile section */

/* Begin PBXContainerItemProxy section */
		D0E8AFAB2A03D389002EF2F4 /* PBXContainerItemProxy */ = {
			isa = PBXContainerItemProxy;
			containerPortal = D0E8AF8D2A03D386002EF2F4 /* Project object */;
			proxyType = 1;
			remoteGlobalIDString = D0E8AF942A03D386002EF2F4;
			remoteInfo = "Yyussa Rent";
		};
		D0E8AFB52A03D389002EF2F4 /* PBXContainerItemProxy */ = {
			isa = PBXContainerItemProxy;
			containerPortal = D0E8AF8D2A03D386002EF2F4 /* Project object */;
			proxyType = 1;
			remoteGlobalIDString = D0E8AF942A03D386002EF2F4;
			remoteInfo = "Yyussa Rent";
		};
/* End PBXContainerItemProxy section */

/* Begin PBXFileReference section */
		0E800142F5363225AA4049AD /* Pods-Yyussa Rent-Yyussa RentUITests.release.xcconfig */ = {isa = PBXFileReference; includeInIndex = 1; lastKnownFileType = text.xcconfig; name = "Pods-Yyussa Rent-Yyussa RentUITests.release.xcconfig"; path = "Target Support Files/Pods-Yyussa Rent-Yyussa RentUITests/Pods-Yyussa Rent-Yyussa RentUITests.release.xcconfig"; sourceTree = "<group>"; };
		1E9A81276A88653F293650C6 /* Pods_Yyussa_RentTests.framework */ = {isa = PBXFileReference; explicitFileType = wrapper.framework; includeInIndex = 0; path = Pods_Yyussa_RentTests.framework; sourceTree = BUILT_PRODUCTS_DIR; };
		348C55DE51DDB9B59226455B /* Pods-Yyussa RentTests.debug.xcconfig */ = {isa = PBXFileReference; includeInIndex = 1; lastKnownFileType = text.xcconfig; name = "Pods-Yyussa RentTests.debug.xcconfig"; path = "Target Support Files/Pods-Yyussa RentTests/Pods-Yyussa RentTests.debug.xcconfig"; sourceTree = "<group>"; };
		5149C033C848AF8DCBB961F8 /* Pods_Yyussa_Rent.framework */ = {isa = PBXFileReference; explicitFileType = wrapper.framework; includeInIndex = 0; path = Pods_Yyussa_Rent.framework; sourceTree = BUILT_PRODUCTS_DIR; };
		7332D388C6BCEAA7CBDCAF7A /* Pods-Yyussa RentTests.release.xcconfig */ = {isa = PBXFileReference; includeInIndex = 1; lastKnownFileType = text.xcconfig; name = "Pods-Yyussa RentTests.release.xcconfig"; path = "Target Support Files/Pods-Yyussa RentTests/Pods-Yyussa RentTests.release.xcconfig"; sourceTree = "<group>"; };
		77BB2651C870F779C6B2CF9D /* Pods-Yyussa Rent-Yyussa RentUITests.debug.xcconfig */ = {isa = PBXFileReference; includeInIndex = 1; lastKnownFileType = text.xcconfig; name = "Pods-Yyussa Rent-Yyussa RentUITests.debug.xcconfig"; path = "Target Support Files/Pods-Yyussa Rent-Yyussa RentUITests/Pods-Yyussa Rent-Yyussa RentUITests.debug.xcconfig"; sourceTree = "<group>"; };
		911B5E017743A0053AF2D7FE /* Pods-Yyussa Rent.release.xcconfig */ = {isa = PBXFileReference; includeInIndex = 1; lastKnownFileType = text.xcconfig; name = "Pods-Yyussa Rent.release.xcconfig"; path = "Target Support Files/Pods-Yyussa Rent/Pods-Yyussa Rent.release.xcconfig"; sourceTree = "<group>"; };
		BD3BE48E778C7110FB99AF90 /* Pods-Yyussa Rent.debug.xcconfig */ = {isa = PBXFileReference; includeInIndex = 1; lastKnownFileType = text.xcconfig; name = "Pods-Yyussa Rent.debug.xcconfig"; path = "Target Support Files/Pods-Yyussa Rent/Pods-Yyussa Rent.debug.xcconfig"; sourceTree = "<group>"; };
		C9ABEFE85A469A12C90D1947 /* Pods_Yyussa_Rent_Yyussa_RentUITests.framework */ = {isa = PBXFileReference; explicitFileType = wrapper.framework; includeInIndex = 0; path = Pods_Yyussa_Rent_Yyussa_RentUITests.framework; sourceTree = BUILT_PRODUCTS_DIR; };
		D01BD5C22A08EAF1004D095F /* User.swift */ = {isa = PBXFileReference; lastKnownFileType = sourcecode.swift; path = User.swift; sourceTree = "<group>"; };
		D01BD5C42A08EB9D004D095F /* Company.swift */ = {isa = PBXFileReference; lastKnownFileType = sourcecode.swift; path = Company.swift; sourceTree = "<group>"; };
		D01BD5C62A08EC0F004D095F /* Invoice.swift */ = {isa = PBXFileReference; lastKnownFileType = sourcecode.swift; path = Invoice.swift; sourceTree = "<group>"; };
		D01BD5C82A08ECA9004D095F /* Building.swift */ = {isa = PBXFileReference; lastKnownFileType = sourcecode.swift; path = Building.swift; sourceTree = "<group>"; };
		D01BD5CA2A08ECF0004D095F /* Payment.swift */ = {isa = PBXFileReference; lastKnownFileType = sourcecode.swift; path = Payment.swift; sourceTree = "<group>"; };
		D01BD5CC2A08ED4B004D095F /* Room.swift */ = {isa = PBXFileReference; lastKnownFileType = sourcecode.swift; path = Room.swift; sourceTree = "<group>"; };
		D01BD5CF2A08EEF0004D095F /* UserRepository.swift */ = {isa = PBXFileReference; lastKnownFileType = sourcecode.swift; path = UserRepository.swift; sourceTree = "<group>"; };
		D01BD5D12A08EF3F004D095F /* RentalRepository.swift */ = {isa = PBXFileReference; lastKnownFileType = sourcecode.swift; path = RentalRepository.swift; sourceTree = "<group>"; };
		D01BD5D62A08F3AD004D095F /* ApiService.swift */ = {isa = PBXFileReference; lastKnownFileType = sourcecode.swift; path = ApiService.swift; sourceTree = "<group>"; };
		D01BD5D92A08FC67004D095F /* UserRepositoryImpl.swift */ = {isa = PBXFileReference; lastKnownFileType = sourcecode.swift; path = UserRepositoryImpl.swift; sourceTree = "<group>"; };
		D01BD5E02A090399004D095F /* RentalRepositoryImpl.swift */ = {isa = PBXFileReference; lastKnownFileType = sourcecode.swift; path = RentalRepositoryImpl.swift; sourceTree = "<group>"; };
		D01BD5E22A0906E5004D095F /* AlamofireApiService.swift */ = {isa = PBXFileReference; lastKnownFileType = sourcecode.swift; path = AlamofireApiService.swift; sourceTree = "<group>"; };
		D01BD5E52A0911B2004D095F /* GetRoomsUseCase.swift */ = {isa = PBXFileReference; lastKnownFileType = sourcecode.swift; path = GetRoomsUseCase.swift; sourceTree = "<group>"; };
		D01BD5E72A0911D6004D095F /* GetInvoicesUseCase.swift */ = {isa = PBXFileReference; lastKnownFileType = sourcecode.swift; path = GetInvoicesUseCase.swift; sourceTree = "<group>"; };
		D01BD5E92A091258004D095F /* GetPaymentsUseCase.swift */ = {isa = PBXFileReference; lastKnownFileType = sourcecode.swift; path = GetPaymentsUseCase.swift; sourceTree = "<group>"; };
		D01BD5EB2A09126F004D095F /* GetBuildingsUseCase.swift */ = {isa = PBXFileReference; lastKnownFileType = sourcecode.swift; path = GetBuildingsUseCase.swift; sourceTree = "<group>"; };
		D01BD5ED2A091288004D095F /* GetUserUseCase.swift */ = {isa = PBXFileReference; lastKnownFileType = sourcecode.swift; path = GetUserUseCase.swift; sourceTree = "<group>"; };
		D01BD5F12A091356004D095F /* LoginUseCase.swift */ = {isa = PBXFileReference; lastKnownFileType = sourcecode.swift; path = LoginUseCase.swift; sourceTree = "<group>"; };
		D01BD5F32A091485004D095F /* GetCompanyUseCase.swift */ = {isa = PBXFileReference; lastKnownFileType = sourcecode.swift; path = GetCompanyUseCase.swift; sourceTree = "<group>"; };
		D01BD5F52A0914A4004D095F /* GetBuildingDuePaymentsUseCase.swift */ = {isa = PBXFileReference; lastKnownFileType = sourcecode.swift; path = GetBuildingDuePaymentsUseCase.swift; sourceTree = "<group>"; };
		D01BD5F72A0914BA004D095F /* GetDuePaymentsUseCase.swift */ = {isa = PBXFileReference; lastKnownFileType = sourcecode.swift; path = GetDuePaymentsUseCase.swift; sourceTree = "<group>"; };
		D01BD5F92A0914D7004D095F /* GetBuildingDueInvoicesUseCase.swift */ = {isa = PBXFileReference; lastKnownFileType = sourcecode.swift; path = GetBuildingDueInvoicesUseCase.swift; sourceTree = "<group>"; };
		D01BD5FB2A09150B004D095F /* GetDueInvoicesUseCase.swift */ = {isa = PBXFileReference; lastKnownFileType = sourcecode.swift; path = GetDueInvoicesUseCase.swift; sourceTree = "<group>"; };
		D01BD5FD2A091522004D095F /* GetBuildingInvoicesUseCase.swift */ = {isa = PBXFileReference; lastKnownFileType = sourcecode.swift; path = GetBuildingInvoicesUseCase.swift; sourceTree = "<group>"; };
		D01BD5FF2A09153B004D095F /* GetBuildingRoomsUseCase.swift */ = {isa = PBXFileReference; lastKnownFileType = sourcecode.swift; path = GetBuildingRoomsUseCase.swift; sourceTree = "<group>"; };
		D01BD6022A091A5E004D095F /* ResultState.swift */ = {isa = PBXFileReference; lastKnownFileType = sourcecode.swift; path = ResultState.swift; sourceTree = "<group>"; };
		D01BD6042A093471004D095F /* GetAvailableRoomsUseCase.swift */ = {isa = PBXFileReference; lastKnownFileType = sourcecode.swift; path = GetAvailableRoomsUseCase.swift; sourceTree = "<group>"; };
		D01BD6062A0934B8004D095F /* GetOccupiedRoomsUseCase.swift */ = {isa = PBXFileReference; lastKnownFileType = sourcecode.swift; path = GetOccupiedRoomsUseCase.swift; sourceTree = "<group>"; };
		D01BD6082A0939DC004D095F /* UseCasesProtocals.swift */ = {isa = PBXFileReference; lastKnownFileType = sourcecode.swift; path = UseCasesProtocals.swift; sourceTree = "<group>"; };
		D01BD60A2A093D19004D095F /* RentalUseCases.swift */ = {isa = PBXFileReference; lastKnownFileType = sourcecode.swift; path = RentalUseCases.swift; sourceTree = "<group>"; };
		D01BD60E2A0A2D1C004D095F /* BaseViewModel.swift */ = {isa = PBXFileReference; lastKnownFileType = sourcecode.swift; path = BaseViewModel.swift; sourceTree = "<group>"; };
		D01BD6102A0A2D7A004D095F /* LoginViewModel.swift */ = {isa = PBXFileReference; lastKnownFileType = sourcecode.swift; path = LoginViewModel.swift; sourceTree = "<group>"; };
		D01BD6122A0A2F7F004D095F /* LoginState.swift */ = {isa = PBXFileReference; lastKnownFileType = sourcecode.swift; path = LoginState.swift; sourceTree = "<group>"; };
		D01BD6172A0A374D004D095F /* LoginView.swift */ = {isa = PBXFileReference; lastKnownFileType = sourcecode.swift; path = LoginView.swift; sourceTree = "<group>"; };
		D01BD6242A0A6758004D095F /* DependencyContainer.swift */ = {isa = PBXFileReference; lastKnownFileType = sourcecode.swift; path = DependencyContainer.swift; sourceTree = "<group>"; };
		D0737E3C2A0FC73B0059AF54 /* Launch Screen.storyboard */ = {isa = PBXFileReference; lastKnownFileType = file.storyboard; path = "Launch Screen.storyboard"; sourceTree = "<group>"; };
		D0737E3E2A0FC99F0059AF54 /* Yyussa-Rent-Info.plist */ = {isa = PBXFileReference; lastKnownFileType = text.plist; path = "Yyussa-Rent-Info.plist"; sourceTree = SOURCE_ROOT; };
		D07AAB312A0A7FC3002B546D /* Color.swift */ = {isa = PBXFileReference; lastKnownFileType = sourcecode.swift; path = Color.swift; sourceTree = "<group>"; };
		D07AAB332A0B72FF002B546D /* UserViewModel.swift */ = {isa = PBXFileReference; lastKnownFileType = sourcecode.swift; path = UserViewModel.swift; sourceTree = "<group>"; };
		D07AAB352A0B7A79002B546D /* RentalViewModel.swift */ = {isa = PBXFileReference; lastKnownFileType = sourcecode.swift; path = RentalViewModel.swift; sourceTree = "<group>"; };
		D07AAB372A0B81CB002B546D /* DasboardState.swift */ = {isa = PBXFileReference; lastKnownFileType = sourcecode.swift; path = DasboardState.swift; sourceTree = "<group>"; };
		D07AAB392A0B8B8B002B546D /* Screen.swift */ = {isa = PBXFileReference; lastKnownFileType = sourcecode.swift; path = Screen.swift; sourceTree = "<group>"; };
		D07AAB3C2A0B8F48002B546D /* BottomNavigationBar.swift */ = {isa = PBXFileReference; lastKnownFileType = sourcecode.swift; path = BottomNavigationBar.swift; sourceTree = "<group>"; };
		D0A116692A0BBF9000A0A70E /* GetBuildingAvailableRoomsUseCaseImpl.swift */ = {isa = PBXFileReference; lastKnownFileType = sourcecode.swift; path = GetBuildingAvailableRoomsUseCaseImpl.swift; sourceTree = "<group>"; };
		D0A1166B2A0BC02800A0A70E /* GetBuildingOccupiedRoomsUseCaseImpl.swift */ = {isa = PBXFileReference; lastKnownFileType = sourcecode.swift; path = GetBuildingOccupiedRoomsUseCaseImpl.swift; sourceTree = "<group>"; };
		D0A1166D2A0BE43500A0A70E /* ScreenContainerView.swift */ = {isa = PBXFileReference; lastKnownFileType = sourcecode.swift; path = ScreenContainerView.swift; sourceTree = "<group>"; };
		D0A1166F2A0BE4B400A0A70E /* NavController.swift */ = {isa = PBXFileReference; lastKnownFileType = sourcecode.swift; path = NavController.swift; sourceTree = "<group>"; };
		D0A116712A0BE5CE00A0A70E /* DialogBoxLoading.swift */ = {isa = PBXFileReference; lastKnownFileType = sourcecode.swift; path = DialogBoxLoading.swift; sourceTree = "<group>"; };
		D0A116732A0BEA4500A0A70E /* MainScreen.swift */ = {isa = PBXFileReference; lastKnownFileType = sourcecode.swift; path = MainScreen.swift; sourceTree = "<group>"; };
		D0A116772A0CD92000A0A70E /*   BoxView.swift */ = {isa = PBXFileReference; lastKnownFileType = sourcecode.swift; path = "  BoxView.swift"; sourceTree = "<group>"; };
		D0A116792A0CE3D200A0A70E /* TopNavigationDrawer.swift */ = {isa = PBXFileReference; lastKnownFileType = sourcecode.swift; path = TopNavigationDrawer.swift; sourceTree = "<group>"; };
		D0A1167B2A0CE3E900A0A70E /* ProfileAndSettings.swift */ = {isa = PBXFileReference; lastKnownFileType = sourcecode.swift; path = ProfileAndSettings.swift; sourceTree = "<group>"; };
		D0A1167D2A0CE3F600A0A70E /* ProfileDetails.swift */ = {isa = PBXFileReference; lastKnownFileType = sourcecode.swift; path = ProfileDetails.swift; sourceTree = "<group>"; };
		D0A1167F2A0D2B9600A0A70E /* YearMonthDatePicker.swift */ = {isa = PBXFileReference; lastKnownFileType = sourcecode.swift; path = YearMonthDatePicker.swift; sourceTree = "<group>"; };
		D0AAFC2D2A0B974200046385 /* HomeScreen.swift */ = {isa = PBXFileReference; lastKnownFileType = sourcecode.swift; path = HomeScreen.swift; sourceTree = "<group>"; };
		D0AAFC2F2A0B985C00046385 /* InfoDialog.swift */ = {isa = PBXFileReference; lastKnownFileType = sourcecode.swift; path = InfoDialog.swift; sourceTree = "<group>"; };
		D0AAFC322A0BA31E00046385 /* CardInfoView.swift */ = {isa = PBXFileReference; lastKnownFileType = sourcecode.swift; path = CardInfoView.swift; sourceTree = "<group>"; };
		D0AAFC342A0BA7A700046385 /* BuildingCard.swift */ = {isa = PBXFileReference; lastKnownFileType = sourcecode.swift; path = BuildingCard.swift; sourceTree = "<group>"; };
		D0AAFC362A0BA85700046385 /* BuildingsList.swift */ = {isa = PBXFileReference; lastKnownFileType = sourcecode.swift; path = BuildingsList.swift; sourceTree = "<group>"; };
		D0AAFC392A0BB2A700046385 /* AllRoomsScreen.swift */ = {isa = PBXFileReference; lastKnownFileType = sourcecode.swift; path = AllRoomsScreen.swift; sourceTree = "<group>"; };
		D0AAFC3D2A0BB8FF00046385 /* buildCardInfoView.swift */ = {isa = PBXFileReference; lastKnownFileType = sourcecode.swift; path = buildCardInfoView.swift; sourceTree = "<group>"; };
		D0B4F8BE2A0E6D1B002D4CC6 /* DateSelectionService.swift */ = {isa = PBXFileReference; lastKnownFileType = sourcecode.swift; path = DateSelectionService.swift; sourceTree = "<group>"; };
		D0E8AF952A03D386002EF2F4 /* Yyussa Rent.app */ = {isa = PBXFileReference; explicitFileType = wrapper.application; includeInIndex = 0; path = "Yyussa Rent.app"; sourceTree = BUILT_PRODUCTS_DIR; };
		D0E8AF982A03D386002EF2F4 /* Yyussa_RentApp.swift */ = {isa = PBXFileReference; lastKnownFileType = sourcecode.swift; path = Yyussa_RentApp.swift; sourceTree = "<group>"; };
		D0E8AF9A2A03D386002EF2F4 /* ContentView.swift */ = {isa = PBXFileReference; lastKnownFileType = sourcecode.swift; path = ContentView.swift; sourceTree = "<group>"; };
		D0E8AF9C2A03D388002EF2F4 /* Assets.xcassets */ = {isa = PBXFileReference; lastKnownFileType = folder.assetcatalog; path = Assets.xcassets; sourceTree = "<group>"; };
		D0E8AF9F2A03D388002EF2F4 /* Preview Assets.xcassets */ = {isa = PBXFileReference; lastKnownFileType = folder.assetcatalog; path = "Preview Assets.xcassets"; sourceTree = "<group>"; };
		D0E8AFA12A03D388002EF2F4 /* Persistence.swift */ = {isa = PBXFileReference; lastKnownFileType = sourcecode.swift; path = Persistence.swift; sourceTree = "<group>"; };
		D0E8AFA42A03D388002EF2F4 /* Yyussa_Rent.xcdatamodel */ = {isa = PBXFileReference; lastKnownFileType = wrapper.xcdatamodel; path = Yyussa_Rent.xcdatamodel; sourceTree = "<group>"; };
		D0E8AFAA2A03D389002EF2F4 /* Yyussa RentTests.xctest */ = {isa = PBXFileReference; explicitFileType = wrapper.cfbundle; includeInIndex = 0; path = "Yyussa RentTests.xctest"; sourceTree = BUILT_PRODUCTS_DIR; };
		D0E8AFAE2A03D389002EF2F4 /* Yyussa_RentTests.swift */ = {isa = PBXFileReference; lastKnownFileType = sourcecode.swift; path = Yyussa_RentTests.swift; sourceTree = "<group>"; };
		D0E8AFB42A03D389002EF2F4 /* Yyussa RentUITests.xctest */ = {isa = PBXFileReference; explicitFileType = wrapper.cfbundle; includeInIndex = 0; path = "Yyussa RentUITests.xctest"; sourceTree = BUILT_PRODUCTS_DIR; };
		D0E8AFB82A03D389002EF2F4 /* Yyussa_RentUITests.swift */ = {isa = PBXFileReference; lastKnownFileType = sourcecode.swift; path = Yyussa_RentUITests.swift; sourceTree = "<group>"; };
		D0E8AFBA2A03D389002EF2F4 /* Yyussa_RentUITestsLaunchTests.swift */ = {isa = PBXFileReference; lastKnownFileType = sourcecode.swift; path = Yyussa_RentUITestsLaunchTests.swift; sourceTree = "<group>"; };
/* End PBXFileReference section */

/* Begin PBXFrameworksBuildPhase section */
		D0E8AF922A03D386002EF2F4 /* Frameworks */ = {
			isa = PBXFrameworksBuildPhase;
			buildActionMask = 2147483647;
			files = (
				D0CA15C82A0E3D3F005BE082 /* Shimmer in Frameworks */,
				D01BD5D52A08F320004D095F /* Alamofire in Frameworks */,
				DBE6338731AD203FE5DE244A /* Pods_Yyussa_Rent.framework in Frameworks */,
			);
			runOnlyForDeploymentPostprocessing = 0;
		};
		D0E8AFA72A03D389002EF2F4 /* Frameworks */ = {
			isa = PBXFrameworksBuildPhase;
			buildActionMask = 2147483647;
			files = (
				50BD38432251AF5A3D8A156D /* Pods_Yyussa_RentTests.framework in Frameworks */,
			);
			runOnlyForDeploymentPostprocessing = 0;
		};
		D0E8AFB12A03D389002EF2F4 /* Frameworks */ = {
			isa = PBXFrameworksBuildPhase;
			buildActionMask = 2147483647;
			files = (
				5019A1A5D9F1092424200EB6 /* Pods_Yyussa_Rent_Yyussa_RentUITests.framework in Frameworks */,
			);
			runOnlyForDeploymentPostprocessing = 0;
		};
/* End PBXFrameworksBuildPhase section */

/* Begin PBXGroup section */
		B34AF3A6AB1A1CA9EDCE2BA9 /* Frameworks */ = {
			isa = PBXGroup;
			children = (
				5149C033C848AF8DCBB961F8 /* Pods_Yyussa_Rent.framework */,
				C9ABEFE85A469A12C90D1947 /* Pods_Yyussa_Rent_Yyussa_RentUITests.framework */,
				1E9A81276A88653F293650C6 /* Pods_Yyussa_RentTests.framework */,
			);
			name = Frameworks;
			sourceTree = "<group>";
		};
		B90D367926E1D888C9DD0744 /* Pods */ = {
			isa = PBXGroup;
			children = (
				BD3BE48E778C7110FB99AF90 /* Pods-Yyussa Rent.debug.xcconfig */,
				911B5E017743A0053AF2D7FE /* Pods-Yyussa Rent.release.xcconfig */,
				77BB2651C870F779C6B2CF9D /* Pods-Yyussa Rent-Yyussa RentUITests.debug.xcconfig */,
				0E800142F5363225AA4049AD /* Pods-Yyussa Rent-Yyussa RentUITests.release.xcconfig */,
				348C55DE51DDB9B59226455B /* Pods-Yyussa RentTests.debug.xcconfig */,
				7332D388C6BCEAA7CBDCAF7A /* Pods-Yyussa RentTests.release.xcconfig */,
			);
			path = Pods;
			sourceTree = "<group>";
		};
		D01BD5BE2A08E95D004D095F /* Data */ = {
			isa = PBXGroup;
			children = (
				D01BD5D82A08FC56004D095F /* repository */,
				D01BD5C12A08EAB1004D095F /* model */,
				D01BD5D62A08F3AD004D095F /* ApiService.swift */,
			);
			path = Data;
			sourceTree = "<group>";
		};
		D01BD5BF2A08E973004D095F /* Domain */ = {
			isa = PBXGroup;
			children = (
				D01BD5CE2A08EEA1004D095F /* repository */,
				D01BD5E42A091148004D095F /* useCases */,
				D01BD5E22A0906E5004D095F /* AlamofireApiService.swift */,
			);
			path = Domain;
			sourceTree = "<group>";
		};
		D01BD5C02A08E981004D095F /* Presentation */ = {
			isa = PBXGroup;
			children = (
				D0AAFC312A0BA2BD00046385 /* components */,
				D0E8AF9A2A03D386002EF2F4 /* ContentView.swift */,
				D01BD60D2A0A2D01004D095F /* rent */,
				D01BD60C2A0A2CF0004D095F /* user */,
				D01BD60E2A0A2D1C004D095F /* BaseViewModel.swift */,
				D07AAB392A0B8B8B002B546D /* Screen.swift */,
				D0A116732A0BEA4500A0A70E /* MainScreen.swift */,
				D0737E3C2A0FC73B0059AF54 /* Launch Screen.storyboard */,
			);
			path = Presentation;
			sourceTree = "<group>";
		};
		D01BD5C12A08EAB1004D095F /* model */ = {
			isa = PBXGroup;
			children = (
				D01BD5C22A08EAF1004D095F /* User.swift */,
				D01BD5C42A08EB9D004D095F /* Company.swift */,
				D01BD5C62A08EC0F004D095F /* Invoice.swift */,
				D01BD5C82A08ECA9004D095F /* Building.swift */,
				D01BD5CA2A08ECF0004D095F /* Payment.swift */,
				D01BD5CC2A08ED4B004D095F /* Room.swift */,
			);
			path = model;
			sourceTree = "<group>";
		};
		D01BD5CE2A08EEA1004D095F /* repository */ = {
			isa = PBXGroup;
			children = (
				D01BD5CF2A08EEF0004D095F /* UserRepository.swift */,
				D01BD5D12A08EF3F004D095F /* RentalRepository.swift */,
			);
			name = repository;
			path = ../Presentation/repository;
			sourceTree = "<group>";
		};
		D01BD5D82A08FC56004D095F /* repository */ = {
			isa = PBXGroup;
			children = (
				D01BD5D92A08FC67004D095F /* UserRepositoryImpl.swift */,
				D01BD5E02A090399004D095F /* RentalRepositoryImpl.swift */,
			);
			name = repository;
			path = ../Domain/repository;
			sourceTree = "<group>";
		};
		D01BD5DB2A08FED7004D095F /* di */ = {
			isa = PBXGroup;
			children = (
				D01BD6242A0A6758004D095F /* DependencyContainer.swift */,
			);
			path = di;
			sourceTree = "<group>";
		};
		D01BD5E42A091148004D095F /* useCases */ = {
			isa = PBXGroup;
			children = (
				D01BD5E52A0911B2004D095F /* GetRoomsUseCase.swift */,
				D01BD5E72A0911D6004D095F /* GetInvoicesUseCase.swift */,
				D01BD5E92A091258004D095F /* GetPaymentsUseCase.swift */,
				D01BD5EB2A09126F004D095F /* GetBuildingsUseCase.swift */,
				D01BD5ED2A091288004D095F /* GetUserUseCase.swift */,
				D01BD5F12A091356004D095F /* LoginUseCase.swift */,
				D01BD5F32A091485004D095F /* GetCompanyUseCase.swift */,
				D01BD5F52A0914A4004D095F /* GetBuildingDuePaymentsUseCase.swift */,
				D01BD5F72A0914BA004D095F /* GetDuePaymentsUseCase.swift */,
				D01BD5F92A0914D7004D095F /* GetBuildingDueInvoicesUseCase.swift */,
				D01BD5FB2A09150B004D095F /* GetDueInvoicesUseCase.swift */,
				D01BD5FD2A091522004D095F /* GetBuildingInvoicesUseCase.swift */,
				D01BD5FF2A09153B004D095F /* GetBuildingRoomsUseCase.swift */,
				D01BD6042A093471004D095F /* GetAvailableRoomsUseCase.swift */,
				D01BD6062A0934B8004D095F /* GetOccupiedRoomsUseCase.swift */,
				D01BD6082A0939DC004D095F /* UseCasesProtocals.swift */,
				D01BD60A2A093D19004D095F /* RentalUseCases.swift */,
				D0A116692A0BBF9000A0A70E /* GetBuildingAvailableRoomsUseCaseImpl.swift */,
				D0A1166B2A0BC02800A0A70E /* GetBuildingOccupiedRoomsUseCaseImpl.swift */,
			);
			path = useCases;
			sourceTree = "<group>";
		};
		D01BD6012A091A50004D095F /* core */ = {
			isa = PBXGroup;
			children = (
				D01BD6022A091A5E004D095F /* ResultState.swift */,
			);
			path = core;
			sourceTree = "<group>";
		};
		D01BD60C2A0A2CF0004D095F /* user */ = {
			isa = PBXGroup;
			children = (
				D01BD6102A0A2D7A004D095F /* LoginViewModel.swift */,
				D01BD6122A0A2F7F004D095F /* LoginState.swift */,
				D01BD6172A0A374D004D095F /* LoginView.swift */,
				D07AAB312A0A7FC3002B546D /* Color.swift */,
				D07AAB332A0B72FF002B546D /* UserViewModel.swift */,
			);
			path = user;
			sourceTree = "<group>";
		};
		D01BD60D2A0A2D01004D095F /* rent */ = {
			isa = PBXGroup;
			children = (
				D0B4F8BD2A0E6D0B002D4CC6 /* util */,
				D07AAB3B2A0B8F2F002B546D /* components */,
				D07AAB352A0B7A79002B546D /* RentalViewModel.swift */,
				D07AAB372A0B81CB002B546D /* DasboardState.swift */,
			);
			path = rent;
			sourceTree = "<group>";
		};
		D01BD6192A0A40C4004D095F /* Supporting File */ = {
			isa = PBXGroup;
			children = (
				D0A1166F2A0BE4B400A0A70E /* NavController.swift */,
			);
			path = "Supporting File";
			sourceTree = "<group>";
		};
		D07AAB3B2A0B8F2F002B546D /* components */ = {
			isa = PBXGroup;
			children = (
				D0AAFC382A0BB27F00046385 /* homeScreenCards */,
				D07AAB3C2A0B8F48002B546D /* BottomNavigationBar.swift */,
				D0AAFC2D2A0B974200046385 /* HomeScreen.swift */,
				D0AAFC342A0BA7A700046385 /* BuildingCard.swift */,
				D0AAFC362A0BA85700046385 /* BuildingsList.swift */,
				D0A1166D2A0BE43500A0A70E /* ScreenContainerView.swift */,
				D0A116792A0CE3D200A0A70E /* TopNavigationDrawer.swift */,
				D0A1167B2A0CE3E900A0A70E /* ProfileAndSettings.swift */,
				D0A1167D2A0CE3F600A0A70E /* ProfileDetails.swift */,
			);
			path = components;
			sourceTree = "<group>";
		};
		D0AAFC312A0BA2BD00046385 /* components */ = {
			isa = PBXGroup;
			children = (
				D0AAFC2F2A0B985C00046385 /* InfoDialog.swift */,
				D0AAFC322A0BA31E00046385 /* CardInfoView.swift */,
				D0A116712A0BE5CE00A0A70E /* DialogBoxLoading.swift */,
				D0A116772A0CD92000A0A70E /*   BoxView.swift */,
				D0A1167F2A0D2B9600A0A70E /* YearMonthDatePicker.swift */,
			);
			path = components;
			sourceTree = "<group>";
		};
		D0AAFC382A0BB27F00046385 /* homeScreenCards */ = {
			isa = PBXGroup;
			children = (
				D0AAFC392A0BB2A700046385 /* AllRoomsScreen.swift */,
				D0AAFC3D2A0BB8FF00046385 /* buildCardInfoView.swift */,
			);
			path = homeScreenCards;
			sourceTree = "<group>";
		};
		D0B4F8BD2A0E6D0B002D4CC6 /* util */ = {
			isa = PBXGroup;
			children = (
				D0B4F8BE2A0E6D1B002D4CC6 /* DateSelectionService.swift */,
			);
			path = util;
			sourceTree = "<group>";
		};
		D0E8AF8C2A03D386002EF2F4 = {
			isa = PBXGroup;
			children = (
				D0E8AF972A03D386002EF2F4 /* Yyussa Rent */,
				D0E8AFAD2A03D389002EF2F4 /* Yyussa RentTests */,
				D0E8AFB72A03D389002EF2F4 /* Yyussa RentUITests */,
				D0E8AF962A03D386002EF2F4 /* Products */,
				B90D367926E1D888C9DD0744 /* Pods */,
				B34AF3A6AB1A1CA9EDCE2BA9 /* Frameworks */,
			);
			sourceTree = "<group>";
		};
		D0E8AF962A03D386002EF2F4 /* Products */ = {
			isa = PBXGroup;
			children = (
				D0E8AF952A03D386002EF2F4 /* Yyussa Rent.app */,
				D0E8AFAA2A03D389002EF2F4 /* Yyussa RentTests.xctest */,
				D0E8AFB42A03D389002EF2F4 /* Yyussa RentUITests.xctest */,
			);
			name = Products;
			sourceTree = "<group>";
		};
		D0E8AF972A03D386002EF2F4 /* Yyussa Rent */ = {
			isa = PBXGroup;
			children = (
				D0737E3E2A0FC99F0059AF54 /* Yyussa-Rent-Info.plist */,
				D01BD6192A0A40C4004D095F /* Supporting File */,
				D01BD6012A091A50004D095F /* core */,
				D01BD5DB2A08FED7004D095F /* di */,
				D01BD5C02A08E981004D095F /* Presentation */,
				D01BD5BF2A08E973004D095F /* Domain */,
				D01BD5BE2A08E95D004D095F /* Data */,
				D0E8AF982A03D386002EF2F4 /* Yyussa_RentApp.swift */,
				D0E8AF9C2A03D388002EF2F4 /* Assets.xcassets */,
				D0E8AFA12A03D388002EF2F4 /* Persistence.swift */,
				D0E8AFA32A03D388002EF2F4 /* Yyussa_Rent.xcdatamodeld */,
				D0E8AF9E2A03D388002EF2F4 /* Preview Content */,
			);
			path = "Yyussa Rent";
			sourceTree = "<group>";
		};
		D0E8AF9E2A03D388002EF2F4 /* Preview Content */ = {
			isa = PBXGroup;
			children = (
				D0E8AF9F2A03D388002EF2F4 /* Preview Assets.xcassets */,
			);
			path = "Preview Content";
			sourceTree = "<group>";
		};
		D0E8AFAD2A03D389002EF2F4 /* Yyussa RentTests */ = {
			isa = PBXGroup;
			children = (
				D0E8AFAE2A03D389002EF2F4 /* Yyussa_RentTests.swift */,
			);
			path = "Yyussa RentTests";
			sourceTree = "<group>";
		};
		D0E8AFB72A03D389002EF2F4 /* Yyussa RentUITests */ = {
			isa = PBXGroup;
			children = (
				D0E8AFB82A03D389002EF2F4 /* Yyussa_RentUITests.swift */,
				D0E8AFBA2A03D389002EF2F4 /* Yyussa_RentUITestsLaunchTests.swift */,
			);
			path = "Yyussa RentUITests";
			sourceTree = "<group>";
		};
/* End PBXGroup section */

/* Begin PBXNativeTarget section */
		D0E8AF942A03D386002EF2F4 /* Yyussa Rent */ = {
			isa = PBXNativeTarget;
			buildConfigurationList = D0E8AFBE2A03D389002EF2F4 /* Build configuration list for PBXNativeTarget "Yyussa Rent" */;
			buildPhases = (
				95451A922927A6F6679CC36D /* [CP] Check Pods Manifest.lock */,
				D0E8AF912A03D386002EF2F4 /* Sources */,
				D0E8AF922A03D386002EF2F4 /* Frameworks */,
				D0E8AF932A03D386002EF2F4 /* Resources */,
				ABEC83B23AF59027A643E7B5 /* [CP] Embed Pods Frameworks */,
			);
			buildRules = (
			);
			dependencies = (
			);
			name = "Yyussa Rent";
			packageProductDependencies = (
				D01BD5D42A08F320004D095F /* Alamofire */,
				D0CA15C72A0E3D3F005BE082 /* Shimmer */,
			);
			productName = "Yyussa Rent";
			productReference = D0E8AF952A03D386002EF2F4 /* Yyussa Rent.app */;
			productType = "com.apple.product-type.application";
		};
		D0E8AFA92A03D389002EF2F4 /* Yyussa RentTests */ = {
			isa = PBXNativeTarget;
			buildConfigurationList = D0E8AFC12A03D389002EF2F4 /* Build configuration list for PBXNativeTarget "Yyussa RentTests" */;
			buildPhases = (
				01EFBBEEF4D400B95C3E3B68 /* [CP] Check Pods Manifest.lock */,
				D0E8AFA62A03D389002EF2F4 /* Sources */,
				D0E8AFA72A03D389002EF2F4 /* Frameworks */,
				D0E8AFA82A03D389002EF2F4 /* Resources */,
			);
			buildRules = (
			);
			dependencies = (
				D0E8AFAC2A03D389002EF2F4 /* PBXTargetDependency */,
			);
			name = "Yyussa RentTests";
			productName = "Yyussa RentTests";
			productReference = D0E8AFAA2A03D389002EF2F4 /* Yyussa RentTests.xctest */;
			productType = "com.apple.product-type.bundle.unit-test";
		};
		D0E8AFB32A03D389002EF2F4 /* Yyussa RentUITests */ = {
			isa = PBXNativeTarget;
			buildConfigurationList = D0E8AFC42A03D389002EF2F4 /* Build configuration list for PBXNativeTarget "Yyussa RentUITests" */;
			buildPhases = (
				1C1E8F0D6CB617EEDF3EB1E7 /* [CP] Check Pods Manifest.lock */,
				D0E8AFB02A03D389002EF2F4 /* Sources */,
				D0E8AFB12A03D389002EF2F4 /* Frameworks */,
				D0E8AFB22A03D389002EF2F4 /* Resources */,
				A4896A71222E90590FC800D1 /* [CP] Embed Pods Frameworks */,
			);
			buildRules = (
			);
			dependencies = (
				D0E8AFB62A03D389002EF2F4 /* PBXTargetDependency */,
			);
			name = "Yyussa RentUITests";
			productName = "Yyussa RentUITests";
			productReference = D0E8AFB42A03D389002EF2F4 /* Yyussa RentUITests.xctest */;
			productType = "com.apple.product-type.bundle.ui-testing";
		};
/* End PBXNativeTarget section */

/* Begin PBXProject section */
		D0E8AF8D2A03D386002EF2F4 /* Project object */ = {
			isa = PBXProject;
			attributes = {
				BuildIndependentTargetsInParallel = 1;
				LastSwiftUpdateCheck = 1430;
				LastUpgradeCheck = 1430;
				TargetAttributes = {
					D0E8AF942A03D386002EF2F4 = {
						CreatedOnToolsVersion = 14.3;
					};
					D0E8AFA92A03D389002EF2F4 = {
						CreatedOnToolsVersion = 14.3;
						TestTargetID = D0E8AF942A03D386002EF2F4;
					};
					D0E8AFB32A03D389002EF2F4 = {
						CreatedOnToolsVersion = 14.3;
						TestTargetID = D0E8AF942A03D386002EF2F4;
					};
				};
			};
			buildConfigurationList = D0E8AF902A03D386002EF2F4 /* Build configuration list for PBXProject "Yyussa Rent" */;
			compatibilityVersion = "Xcode 14.0";
			developmentRegion = en;
			hasScannedForEncodings = 0;
			knownRegions = (
				en,
				Base,
			);
			mainGroup = D0E8AF8C2A03D386002EF2F4;
			packageReferences = (
				D01BD5D32A08F320004D095F /* XCRemoteSwiftPackageReference "Alamofire" */,
				D0CA15C62A0E3D3F005BE082 /* XCRemoteSwiftPackageReference "shimmer" */,
			);
			productRefGroup = D0E8AF962A03D386002EF2F4 /* Products */;
			projectDirPath = "";
			projectRoot = "";
			targets = (
				D0E8AF942A03D386002EF2F4 /* Yyussa Rent */,
				D0E8AFA92A03D389002EF2F4 /* Yyussa RentTests */,
				D0E8AFB32A03D389002EF2F4 /* Yyussa RentUITests */,
			);
		};
/* End PBXProject section */

/* Begin PBXResourcesBuildPhase section */
		D0E8AF932A03D386002EF2F4 /* Resources */ = {
			isa = PBXResourcesBuildPhase;
			buildActionMask = 2147483647;
			files = (
				D0737E3D2A0FC73B0059AF54 /* Launch Screen.storyboard in Resources */,
				D0E8AFA02A03D388002EF2F4 /* Preview Assets.xcassets in Resources */,
				D0E8AF9D2A03D388002EF2F4 /* Assets.xcassets in Resources */,
			);
			runOnlyForDeploymentPostprocessing = 0;
		};
		D0E8AFA82A03D389002EF2F4 /* Resources */ = {
			isa = PBXResourcesBuildPhase;
			buildActionMask = 2147483647;
			files = (
			);
			runOnlyForDeploymentPostprocessing = 0;
		};
		D0E8AFB22A03D389002EF2F4 /* Resources */ = {
			isa = PBXResourcesBuildPhase;
			buildActionMask = 2147483647;
			files = (
			);
			runOnlyForDeploymentPostprocessing = 0;
		};
/* End PBXResourcesBuildPhase section */

/* Begin PBXShellScriptBuildPhase section */
		01EFBBEEF4D400B95C3E3B68 /* [CP] Check Pods Manifest.lock */ = {
			isa = PBXShellScriptBuildPhase;
			buildActionMask = 2147483647;
			files = (
			);
			inputFileListPaths = (
			);
			inputPaths = (
				"${PODS_PODFILE_DIR_PATH}/Podfile.lock",
				"${PODS_ROOT}/Manifest.lock",
			);
			name = "[CP] Check Pods Manifest.lock";
			outputFileListPaths = (
			);
			outputPaths = (
				"$(DERIVED_FILE_DIR)/Pods-Yyussa RentTests-checkManifestLockResult.txt",
			);
			runOnlyForDeploymentPostprocessing = 0;
			shellPath = /bin/sh;
			shellScript = "diff \"${PODS_PODFILE_DIR_PATH}/Podfile.lock\" \"${PODS_ROOT}/Manifest.lock\" > /dev/null\nif [ $? != 0 ] ; then\n    # print error to STDERR\n    echo \"error: The sandbox is not in sync with the Podfile.lock. Run 'pod install' or update your CocoaPods installation.\" >&2\n    exit 1\nfi\n# This output is used by Xcode 'outputs' to avoid re-running this script phase.\necho \"SUCCESS\" > \"${SCRIPT_OUTPUT_FILE_0}\"\n";
			showEnvVarsInLog = 0;
		};
		1C1E8F0D6CB617EEDF3EB1E7 /* [CP] Check Pods Manifest.lock */ = {
			isa = PBXShellScriptBuildPhase;
			buildActionMask = 2147483647;
			files = (
			);
			inputFileListPaths = (
			);
			inputPaths = (
				"${PODS_PODFILE_DIR_PATH}/Podfile.lock",
				"${PODS_ROOT}/Manifest.lock",
			);
			name = "[CP] Check Pods Manifest.lock";
			outputFileListPaths = (
			);
			outputPaths = (
				"$(DERIVED_FILE_DIR)/Pods-Yyussa Rent-Yyussa RentUITests-checkManifestLockResult.txt",
			);
			runOnlyForDeploymentPostprocessing = 0;
			shellPath = /bin/sh;
			shellScript = "diff \"${PODS_PODFILE_DIR_PATH}/Podfile.lock\" \"${PODS_ROOT}/Manifest.lock\" > /dev/null\nif [ $? != 0 ] ; then\n    # print error to STDERR\n    echo \"error: The sandbox is not in sync with the Podfile.lock. Run 'pod install' or update your CocoaPods installation.\" >&2\n    exit 1\nfi\n# This output is used by Xcode 'outputs' to avoid re-running this script phase.\necho \"SUCCESS\" > \"${SCRIPT_OUTPUT_FILE_0}\"\n";
			showEnvVarsInLog = 0;
		};
		95451A922927A6F6679CC36D /* [CP] Check Pods Manifest.lock */ = {
			isa = PBXShellScriptBuildPhase;
			buildActionMask = 2147483647;
			files = (
			);
			inputFileListPaths = (
			);
			inputPaths = (
				"${PODS_PODFILE_DIR_PATH}/Podfile.lock",
				"${PODS_ROOT}/Manifest.lock",
			);
			name = "[CP] Check Pods Manifest.lock";
			outputFileListPaths = (
			);
			outputPaths = (
				"$(DERIVED_FILE_DIR)/Pods-Yyussa Rent-checkManifestLockResult.txt",
			);
			runOnlyForDeploymentPostprocessing = 0;
			shellPath = /bin/sh;
			shellScript = "diff \"${PODS_PODFILE_DIR_PATH}/Podfile.lock\" \"${PODS_ROOT}/Manifest.lock\" > /dev/null\nif [ $? != 0 ] ; then\n    # print error to STDERR\n    echo \"error: The sandbox is not in sync with the Podfile.lock. Run 'pod install' or update your CocoaPods installation.\" >&2\n    exit 1\nfi\n# This output is used by Xcode 'outputs' to avoid re-running this script phase.\necho \"SUCCESS\" > \"${SCRIPT_OUTPUT_FILE_0}\"\n";
			showEnvVarsInLog = 0;
		};
		A4896A71222E90590FC800D1 /* [CP] Embed Pods Frameworks */ = {
			isa = PBXShellScriptBuildPhase;
			buildActionMask = 2147483647;
			files = (
			);
			inputFileListPaths = (
				"${PODS_ROOT}/Target Support Files/Pods-Yyussa Rent-Yyussa RentUITests/Pods-Yyussa Rent-Yyussa RentUITests-frameworks-${CONFIGURATION}-input-files.xcfilelist",
			);
			name = "[CP] Embed Pods Frameworks";
			outputFileListPaths = (
				"${PODS_ROOT}/Target Support Files/Pods-Yyussa Rent-Yyussa RentUITests/Pods-Yyussa Rent-Yyussa RentUITests-frameworks-${CONFIGURATION}-output-files.xcfilelist",
			);
			runOnlyForDeploymentPostprocessing = 0;
			shellPath = /bin/sh;
			shellScript = "\"${PODS_ROOT}/Target Support Files/Pods-Yyussa Rent-Yyussa RentUITests/Pods-Yyussa Rent-Yyussa RentUITests-frameworks.sh\"\n";
			showEnvVarsInLog = 0;
		};
		ABEC83B23AF59027A643E7B5 /* [CP] Embed Pods Frameworks */ = {
			isa = PBXShellScriptBuildPhase;
			buildActionMask = 2147483647;
			files = (
			);
			inputFileListPaths = (
				"${PODS_ROOT}/Target Support Files/Pods-Yyussa Rent/Pods-Yyussa Rent-frameworks-${CONFIGURATION}-input-files.xcfilelist",
			);
			name = "[CP] Embed Pods Frameworks";
			outputFileListPaths = (
				"${PODS_ROOT}/Target Support Files/Pods-Yyussa Rent/Pods-Yyussa Rent-frameworks-${CONFIGURATION}-output-files.xcfilelist",
			);
			runOnlyForDeploymentPostprocessing = 0;
			shellPath = /bin/sh;
			shellScript = "\"${PODS_ROOT}/Target Support Files/Pods-Yyussa Rent/Pods-Yyussa Rent-frameworks.sh\"\n";
			showEnvVarsInLog = 0;
		};
/* End PBXShellScriptBuildPhase section */

/* Begin PBXSourcesBuildPhase section */
		D0E8AF912A03D386002EF2F4 /* Sources */ = {
			isa = PBXSourcesBuildPhase;
			buildActionMask = 2147483647;
			files = (
				D01BD5D02A08EEF0004D095F /* UserRepository.swift in Sources */,
				D0A1167C2A0CE3E900A0A70E /* ProfileAndSettings.swift in Sources */,
				D01BD5E12A090399004D095F /* RentalRepositoryImpl.swift in Sources */,
				D01BD5E32A0906E5004D095F /* AlamofireApiService.swift in Sources */,
				D01BD5E82A0911D6004D095F /* GetInvoicesUseCase.swift in Sources */,
				D01BD60F2A0A2D1C004D095F /* BaseViewModel.swift in Sources */,
				D0E8AFA22A03D388002EF2F4 /* Persistence.swift in Sources */,
				D0A116742A0BEA4500A0A70E /* MainScreen.swift in Sources */,
				D0A116802A0D2B9600A0A70E /* YearMonthDatePicker.swift in Sources */,
				D0A116722A0BE5CE00A0A70E /* DialogBoxLoading.swift in Sources */,
				D07AAB3D2A0B8F48002B546D /* BottomNavigationBar.swift in Sources */,
				D0A1167E2A0CE3F600A0A70E /* ProfileDetails.swift in Sources */,
				D0AAFC3A2A0BB2A700046385 /* AllRoomsScreen.swift in Sources */,
				D01BD5DA2A08FC67004D095F /* UserRepositoryImpl.swift in Sources */,
				D0E8AF9B2A03D386002EF2F4 /* ContentView.swift in Sources */,
				D0E8AFA52A03D388002EF2F4 /* Yyussa_Rent.xcdatamodeld in Sources */,
				D01BD5FC2A09150B004D095F /* GetDueInvoicesUseCase.swift in Sources */,
				D07AAB362A0B7A79002B546D /* RentalViewModel.swift in Sources */,
				D0AAFC352A0BA7A700046385 /* BuildingCard.swift in Sources */,
				D01BD5EA2A091258004D095F /* GetPaymentsUseCase.swift in Sources */,
				D0A116702A0BE4B400A0A70E /* NavController.swift in Sources */,
				D0A1166A2A0BBF9000A0A70E /* GetBuildingAvailableRoomsUseCaseImpl.swift in Sources */,
				D0AAFC3E2A0BB8FF00046385 /* buildCardInfoView.swift in Sources */,
				D01BD6002A09153B004D095F /* GetBuildingRoomsUseCase.swift in Sources */,
				D0AAFC332A0BA31E00046385 /* CardInfoView.swift in Sources */,
				D01BD5C72A08EC0F004D095F /* Invoice.swift in Sources */,
				D07AAB322A0A7FC3002B546D /* Color.swift in Sources */,
				D0A1167A2A0CE3D200A0A70E /* TopNavigationDrawer.swift in Sources */,
				D0AAFC302A0B985C00046385 /* InfoDialog.swift in Sources */,
				D0A1166E2A0BE43500A0A70E /* ScreenContainerView.swift in Sources */,
				D07AAB3A2A0B8B8B002B546D /* Screen.swift in Sources */,
				D01BD5F62A0914A4004D095F /* GetBuildingDuePaymentsUseCase.swift in Sources */,
				D01BD5CD2A08ED4B004D095F /* Room.swift in Sources */,
				D01BD5C32A08EAF1004D095F /* User.swift in Sources */,
				D0AAFC2E2A0B974200046385 /* HomeScreen.swift in Sources */,
				D01BD5D72A08F3AD004D095F /* ApiService.swift in Sources */,
				D01BD5D22A08EF3F004D095F /* RentalRepository.swift in Sources */,
				D0A116782A0CD92000A0A70E /*   BoxView.swift in Sources */,
				D01BD5F82A0914BA004D095F /* GetDuePaymentsUseCase.swift in Sources */,
				D01BD6052A093471004D095F /* GetAvailableRoomsUseCase.swift in Sources */,
				D0E8AF992A03D386002EF2F4 /* Yyussa_RentApp.swift in Sources */,
				D01BD6072A0934B8004D095F /* GetOccupiedRoomsUseCase.swift in Sources */,
				D0B4F8BF2A0E6D1B002D4CC6 /* DateSelectionService.swift in Sources */,
				D07AAB342A0B72FF002B546D /* UserViewModel.swift in Sources */,
				D0AAFC372A0BA85700046385 /* BuildingsList.swift in Sources */,
				D07AAB382A0B81CB002B546D /* DasboardState.swift in Sources */,
				D01BD5C52A08EB9D004D095F /* Company.swift in Sources */,
				D01BD5EE2A091288004D095F /* GetUserUseCase.swift in Sources */,
				D01BD6032A091A5E004D095F /* ResultState.swift in Sources */,
				D01BD5F42A091485004D095F /* GetCompanyUseCase.swift in Sources */,
				D01BD5F22A091356004D095F /* LoginUseCase.swift in Sources */,
				D01BD5FE2A091522004D095F /* GetBuildingInvoicesUseCase.swift in Sources */,
				D01BD6112A0A2D7A004D095F /* LoginViewModel.swift in Sources */,
				D01BD5FA2A0914D7004D095F /* GetBuildingDueInvoicesUseCase.swift in Sources */,
				D01BD5EC2A09126F004D095F /* GetBuildingsUseCase.swift in Sources */,
				D01BD5E62A0911B2004D095F /* GetRoomsUseCase.swift in Sources */,
				D01BD6092A0939DC004D095F /* UseCasesProtocals.swift in Sources */,
				D01BD5CB2A08ECF0004D095F /* Payment.swift in Sources */,
				D01BD5C92A08ECA9004D095F /* Building.swift in Sources */,
				D01BD6182A0A374D004D095F /* LoginView.swift in Sources */,
				D01BD60B2A093D19004D095F /* RentalUseCases.swift in Sources */,
				D01BD6252A0A6758004D095F /* DependencyContainer.swift in Sources */,
				D01BD6132A0A2F7F004D095F /* LoginState.swift in Sources */,
				D0A1166C2A0BC02800A0A70E /* GetBuildingOccupiedRoomsUseCaseImpl.swift in Sources */,
			);
			runOnlyForDeploymentPostprocessing = 0;
		};
		D0E8AFA62A03D389002EF2F4 /* Sources */ = {
			isa = PBXSourcesBuildPhase;
			buildActionMask = 2147483647;
			files = (
				D0E8AFAF2A03D389002EF2F4 /* Yyussa_RentTests.swift in Sources */,
			);
			runOnlyForDeploymentPostprocessing = 0;
		};
		D0E8AFB02A03D389002EF2F4 /* Sources */ = {
			isa = PBXSourcesBuildPhase;
			buildActionMask = 2147483647;
			files = (
				D0E8AFB92A03D389002EF2F4 /* Yyussa_RentUITests.swift in Sources */,
				D0E8AFBB2A03D389002EF2F4 /* Yyussa_RentUITestsLaunchTests.swift in Sources */,
			);
			runOnlyForDeploymentPostprocessing = 0;
		};
/* End PBXSourcesBuildPhase section */

/* Begin PBXTargetDependency section */
		D0E8AFAC2A03D389002EF2F4 /* PBXTargetDependency */ = {
			isa = PBXTargetDependency;
			target = D0E8AF942A03D386002EF2F4 /* Yyussa Rent */;
			targetProxy = D0E8AFAB2A03D389002EF2F4 /* PBXContainerItemProxy */;
		};
		D0E8AFB62A03D389002EF2F4 /* PBXTargetDependency */ = {
			isa = PBXTargetDependency;
			target = D0E8AF942A03D386002EF2F4 /* Yyussa Rent */;
			targetProxy = D0E8AFB52A03D389002EF2F4 /* PBXContainerItemProxy */;
		};
/* End PBXTargetDependency section */

/* Begin XCBuildConfiguration section */
		D0E8AFBC2A03D389002EF2F4 /* Debug */ = {
			isa = XCBuildConfiguration;
			buildSettings = {
				ALWAYS_SEARCH_USER_PATHS = NO;
				CLANG_ANALYZER_NONNULL = YES;
				CLANG_ANALYZER_NUMBER_OBJECT_CONVERSION = YES_AGGRESSIVE;
				CLANG_CXX_LANGUAGE_STANDARD = "gnu++20";
				CLANG_ENABLE_MODULES = YES;
				CLANG_ENABLE_OBJC_ARC = YES;
				CLANG_ENABLE_OBJC_WEAK = YES;
				CLANG_WARN_BLOCK_CAPTURE_AUTORELEASING = YES;
				CLANG_WARN_BOOL_CONVERSION = YES;
				CLANG_WARN_COMMA = YES;
				CLANG_WARN_CONSTANT_CONVERSION = YES;
				CLANG_WARN_DEPRECATED_OBJC_IMPLEMENTATIONS = YES;
				CLANG_WARN_DIRECT_OBJC_ISA_USAGE = YES_ERROR;
				CLANG_WARN_DOCUMENTATION_COMMENTS = YES;
				CLANG_WARN_EMPTY_BODY = YES;
				CLANG_WARN_ENUM_CONVERSION = YES;
				CLANG_WARN_INFINITE_RECURSION = YES;
				CLANG_WARN_INT_CONVERSION = YES;
				CLANG_WARN_NON_LITERAL_NULL_CONVERSION = YES;
				CLANG_WARN_OBJC_IMPLICIT_RETAIN_SELF = YES;
				CLANG_WARN_OBJC_LITERAL_CONVERSION = YES;
				CLANG_WARN_OBJC_ROOT_CLASS = YES_ERROR;
				CLANG_WARN_QUOTED_INCLUDE_IN_FRAMEWORK_HEADER = YES;
				CLANG_WARN_RANGE_LOOP_ANALYSIS = YES;
				CLANG_WARN_STRICT_PROTOTYPES = YES;
				CLANG_WARN_SUSPICIOUS_MOVE = YES;
				CLANG_WARN_UNGUARDED_AVAILABILITY = YES_AGGRESSIVE;
				CLANG_WARN_UNREACHABLE_CODE = YES;
				CLANG_WARN__DUPLICATE_METHOD_MATCH = YES;
				COPY_PHASE_STRIP = NO;
				DEBUG_INFORMATION_FORMAT = dwarf;
				ENABLE_STRICT_OBJC_MSGSEND = YES;
				ENABLE_TESTABILITY = YES;
				GCC_C_LANGUAGE_STANDARD = gnu11;
				GCC_DYNAMIC_NO_PIC = NO;
				GCC_NO_COMMON_BLOCKS = YES;
				GCC_OPTIMIZATION_LEVEL = 0;
				GCC_PREPROCESSOR_DEFINITIONS = (
					"DEBUG=1",
					"$(inherited)",
				);
				GCC_WARN_64_TO_32_BIT_CONVERSION = YES;
				GCC_WARN_ABOUT_RETURN_TYPE = YES_ERROR;
				GCC_WARN_UNDECLARED_SELECTOR = YES;
				GCC_WARN_UNINITIALIZED_AUTOS = YES_AGGRESSIVE;
				GCC_WARN_UNUSED_FUNCTION = YES;
				GCC_WARN_UNUSED_VARIABLE = YES;
				IPHONEOS_DEPLOYMENT_TARGET = 16.4;
				MTL_ENABLE_DEBUG_INFO = INCLUDE_SOURCE;
				MTL_FAST_MATH = YES;
				ONLY_ACTIVE_ARCH = YES;
				SDKROOT = iphoneos;
				SWIFT_ACTIVE_COMPILATION_CONDITIONS = DEBUG;
				SWIFT_OPTIMIZATION_LEVEL = "-Onone";
			};
			name = Debug;
		};
		D0E8AFBD2A03D389002EF2F4 /* Release */ = {
			isa = XCBuildConfiguration;
			buildSettings = {
				ALWAYS_SEARCH_USER_PATHS = NO;
				CLANG_ANALYZER_NONNULL = YES;
				CLANG_ANALYZER_NUMBER_OBJECT_CONVERSION = YES_AGGRESSIVE;
				CLANG_CXX_LANGUAGE_STANDARD = "gnu++20";
				CLANG_ENABLE_MODULES = YES;
				CLANG_ENABLE_OBJC_ARC = YES;
				CLANG_ENABLE_OBJC_WEAK = YES;
				CLANG_WARN_BLOCK_CAPTURE_AUTORELEASING = YES;
				CLANG_WARN_BOOL_CONVERSION = YES;
				CLANG_WARN_COMMA = YES;
				CLANG_WARN_CONSTANT_CONVERSION = YES;
				CLANG_WARN_DEPRECATED_OBJC_IMPLEMENTATIONS = YES;
				CLANG_WARN_DIRECT_OBJC_ISA_USAGE = YES_ERROR;
				CLANG_WARN_DOCUMENTATION_COMMENTS = YES;
				CLANG_WARN_EMPTY_BODY = YES;
				CLANG_WARN_ENUM_CONVERSION = YES;
				CLANG_WARN_INFINITE_RECURSION = YES;
				CLANG_WARN_INT_CONVERSION = YES;
				CLANG_WARN_NON_LITERAL_NULL_CONVERSION = YES;
				CLANG_WARN_OBJC_IMPLICIT_RETAIN_SELF = YES;
				CLANG_WARN_OBJC_LITERAL_CONVERSION = YES;
				CLANG_WARN_OBJC_ROOT_CLASS = YES_ERROR;
				CLANG_WARN_QUOTED_INCLUDE_IN_FRAMEWORK_HEADER = YES;
				CLANG_WARN_RANGE_LOOP_ANALYSIS = YES;
				CLANG_WARN_STRICT_PROTOTYPES = YES;
				CLANG_WARN_SUSPICIOUS_MOVE = YES;
				CLANG_WARN_UNGUARDED_AVAILABILITY = YES_AGGRESSIVE;
				CLANG_WARN_UNREACHABLE_CODE = YES;
				CLANG_WARN__DUPLICATE_METHOD_MATCH = YES;
				COPY_PHASE_STRIP = NO;
				DEBUG_INFORMATION_FORMAT = "dwarf-with-dsym";
				ENABLE_NS_ASSERTIONS = NO;
				ENABLE_STRICT_OBJC_MSGSEND = YES;
				GCC_C_LANGUAGE_STANDARD = gnu11;
				GCC_NO_COMMON_BLOCKS = YES;
				GCC_WARN_64_TO_32_BIT_CONVERSION = YES;
				GCC_WARN_ABOUT_RETURN_TYPE = YES_ERROR;
				GCC_WARN_UNDECLARED_SELECTOR = YES;
				GCC_WARN_UNINITIALIZED_AUTOS = YES_AGGRESSIVE;
				GCC_WARN_UNUSED_FUNCTION = YES;
				GCC_WARN_UNUSED_VARIABLE = YES;
				IPHONEOS_DEPLOYMENT_TARGET = 16.4;
				MTL_ENABLE_DEBUG_INFO = NO;
				MTL_FAST_MATH = YES;
				SDKROOT = iphoneos;
				SWIFT_COMPILATION_MODE = wholemodule;
				SWIFT_OPTIMIZATION_LEVEL = "-O";
				VALIDATE_PRODUCT = YES;
			};
			name = Release;
		};
		D0E8AFBF2A03D389002EF2F4 /* Debug */ = {
			isa = XCBuildConfiguration;
			baseConfigurationReference = BD3BE48E778C7110FB99AF90 /* Pods-Yyussa Rent.debug.xcconfig */;
			buildSettings = {
				ASSETCATALOG_COMPILER_APPICON_NAME = AppIcon;
				ASSETCATALOG_COMPILER_GLOBAL_ACCENT_COLOR_NAME = AccentColor;
				ASSETCATALOG_COMPILER_INCLUDE_ALL_APPICON_ASSETS = YES;
				CODE_SIGN_STYLE = Automatic;
				CURRENT_PROJECT_VERSION = 1;
				DEVELOPMENT_ASSET_PATHS = "\"Yyussa Rent/Preview Content\"";
				DEVELOPMENT_TEAM = KYX3HSP2WF;
				ENABLE_PREVIEWS = YES;
				GENERATE_INFOPLIST_FILE = YES;
				INFOPLIST_FILE = "Yyussa-Rent-Info.plist";
				INFOPLIST_KEY_UIApplicationSceneManifest_Generation = YES;
				INFOPLIST_KEY_UIApplicationSupportsIndirectInputEvents = YES;
				INFOPLIST_KEY_UILaunchScreen_Generation = YES;
				INFOPLIST_KEY_UILaunchStoryboardName = "Launch Screen.storyboard";
				INFOPLIST_KEY_UISupportedInterfaceOrientations_iPad = "UIInterfaceOrientationPortrait UIInterfaceOrientationPortraitUpsideDown UIInterfaceOrientationLandscapeLeft UIInterfaceOrientationLandscapeRight";
				INFOPLIST_KEY_UISupportedInterfaceOrientations_iPhone = "UIInterfaceOrientationPortrait UIInterfaceOrientationLandscapeLeft UIInterfaceOrientationLandscapeRight";
				LD_RUNPATH_SEARCH_PATHS = (
					"$(inherited)",
					"@executable_path/Frameworks",
				);
				MARKETING_VERSION = 1.0;
				PRODUCT_BUNDLE_IDENTIFIER = "itec.Yyussa-Rent";
				PRODUCT_NAME = "$(TARGET_NAME)";
				SWIFT_EMIT_LOC_STRINGS = YES;
				SWIFT_VERSION = 5.0;
				TARGETED_DEVICE_FAMILY = "1,2";
			};
			name = Debug;
		};
		D0E8AFC02A03D389002EF2F4 /* Release */ = {
			isa = XCBuildConfiguration;
			baseConfigurationReference = 911B5E017743A0053AF2D7FE /* Pods-Yyussa Rent.release.xcconfig */;
			buildSettings = {
				ASSETCATALOG_COMPILER_APPICON_NAME = AppIcon;
				ASSETCATALOG_COMPILER_GLOBAL_ACCENT_COLOR_NAME = AccentColor;
				ASSETCATALOG_COMPILER_INCLUDE_ALL_APPICON_ASSETS = YES;
				CODE_SIGN_STYLE = Automatic;
				CURRENT_PROJECT_VERSION = 1;
				DEVELOPMENT_ASSET_PATHS = "\"Yyussa Rent/Preview Content\"";
				DEVELOPMENT_TEAM = KYX3HSP2WF;
				ENABLE_PREVIEWS = YES;
				GENERATE_INFOPLIST_FILE = YES;
				INFOPLIST_FILE = "Yyussa-Rent-Info.plist";
				INFOPLIST_KEY_UIApplicationSceneManifest_Generation = YES;
				INFOPLIST_KEY_UIApplicationSupportsIndirectInputEvents = YES;
				INFOPLIST_KEY_UILaunchScreen_Generation = YES;
				INFOPLIST_KEY_UILaunchStoryboardName = "Launch Screen.storyboard";
				INFOPLIST_KEY_UISupportedInterfaceOrientations_iPad = "UIInterfaceOrientationPortrait UIInterfaceOrientationPortraitUpsideDown UIInterfaceOrientationLandscapeLeft UIInterfaceOrientationLandscapeRight";
				INFOPLIST_KEY_UISupportedInterfaceOrientations_iPhone = "UIInterfaceOrientationPortrait UIInterfaceOrientationLandscapeLeft UIInterfaceOrientationLandscapeRight";
				LD_RUNPATH_SEARCH_PATHS = (
					"$(inherited)",
					"@executable_path/Frameworks",
				);
				MARKETING_VERSION = 1.0;
				PRODUCT_BUNDLE_IDENTIFIER = "itec.Yyussa-Rent";
				PRODUCT_NAME = "$(TARGET_NAME)";
				SWIFT_EMIT_LOC_STRINGS = YES;
				SWIFT_VERSION = 5.0;
				TARGETED_DEVICE_FAMILY = "1,2";
			};
			name = Release;
		};
		D0E8AFC22A03D389002EF2F4 /* Debug */ = {
			isa = XCBuildConfiguration;
			baseConfigurationReference = 348C55DE51DDB9B59226455B /* Pods-Yyussa RentTests.debug.xcconfig */;
			buildSettings = {
				ALWAYS_EMBED_SWIFT_STANDARD_LIBRARIES = YES;
				BUNDLE_LOADER = "$(TEST_HOST)";
				CODE_SIGN_STYLE = Automatic;
				CURRENT_PROJECT_VERSION = 1;
				DEVELOPMENT_TEAM = KYX3HSP2WF;
				GENERATE_INFOPLIST_FILE = YES;
				IPHONEOS_DEPLOYMENT_TARGET = 16.4;
				MARKETING_VERSION = 1.0;
				PRODUCT_BUNDLE_IDENTIFIER = "itec.Yyussa-RentTests";
				PRODUCT_NAME = "$(TARGET_NAME)";
				SWIFT_EMIT_LOC_STRINGS = NO;
				SWIFT_VERSION = 5.0;
				TARGETED_DEVICE_FAMILY = "1,2";
				TEST_HOST = "$(BUILT_PRODUCTS_DIR)/Yyussa Rent.app/$(BUNDLE_EXECUTABLE_FOLDER_PATH)/Yyussa Rent";
			};
			name = Debug;
		};
		D0E8AFC32A03D389002EF2F4 /* Release */ = {
			isa = XCBuildConfiguration;
			baseConfigurationReference = 7332D388C6BCEAA7CBDCAF7A /* Pods-Yyussa RentTests.release.xcconfig */;
			buildSettings = {
				ALWAYS_EMBED_SWIFT_STANDARD_LIBRARIES = YES;
				BUNDLE_LOADER = "$(TEST_HOST)";
				CODE_SIGN_STYLE = Automatic;
				CURRENT_PROJECT_VERSION = 1;
				DEVELOPMENT_TEAM = KYX3HSP2WF;
				GENERATE_INFOPLIST_FILE = YES;
				IPHONEOS_DEPLOYMENT_TARGET = 16.4;
				MARKETING_VERSION = 1.0;
				PRODUCT_BUNDLE_IDENTIFIER = "itec.Yyussa-RentTests";
				PRODUCT_NAME = "$(TARGET_NAME)";
				SWIFT_EMIT_LOC_STRINGS = NO;
				SWIFT_VERSION = 5.0;
				TARGETED_DEVICE_FAMILY = "1,2";
				TEST_HOST = "$(BUILT_PRODUCTS_DIR)/Yyussa Rent.app/$(BUNDLE_EXECUTABLE_FOLDER_PATH)/Yyussa Rent";
			};
			name = Release;
		};
		D0E8AFC52A03D389002EF2F4 /* Debug */ = {
			isa = XCBuildConfiguration;
			baseConfigurationReference = 77BB2651C870F779C6B2CF9D /* Pods-Yyussa Rent-Yyussa RentUITests.debug.xcconfig */;
			buildSettings = {
				ALWAYS_EMBED_SWIFT_STANDARD_LIBRARIES = YES;
				CODE_SIGN_STYLE = Automatic;
				CURRENT_PROJECT_VERSION = 1;
				DEVELOPMENT_TEAM = KYX3HSP2WF;
				GENERATE_INFOPLIST_FILE = YES;
				MARKETING_VERSION = 1.0;
				PRODUCT_BUNDLE_IDENTIFIER = "itec.Yyussa-RentUITests";
				PRODUCT_NAME = "$(TARGET_NAME)";
				SWIFT_EMIT_LOC_STRINGS = NO;
				SWIFT_VERSION = 5.0;
				TARGETED_DEVICE_FAMILY = "1,2";
				TEST_TARGET_NAME = "Yyussa Rent";
			};
			name = Debug;
		};
		D0E8AFC62A03D389002EF2F4 /* Release */ = {
			isa = XCBuildConfiguration;
			baseConfigurationReference = 0E800142F5363225AA4049AD /* Pods-Yyussa Rent-Yyussa RentUITests.release.xcconfig */;
			buildSettings = {
				ALWAYS_EMBED_SWIFT_STANDARD_LIBRARIES = YES;
				CODE_SIGN_STYLE = Automatic;
				CURRENT_PROJECT_VERSION = 1;
				DEVELOPMENT_TEAM = KYX3HSP2WF;
				GENERATE_INFOPLIST_FILE = YES;
				MARKETING_VERSION = 1.0;
				PRODUCT_BUNDLE_IDENTIFIER = "itec.Yyussa-RentUITests";
				PRODUCT_NAME = "$(TARGET_NAME)";
				SWIFT_EMIT_LOC_STRINGS = NO;
				SWIFT_VERSION = 5.0;
				TARGETED_DEVICE_FAMILY = "1,2";
				TEST_TARGET_NAME = "Yyussa Rent";
			};
			name = Release;
		};
/* End XCBuildConfiguration section */

/* Begin XCConfigurationList section */
		D0E8AF902A03D386002EF2F4 /* Build configuration list for PBXProject "Yyussa Rent" */ = {
			isa = XCConfigurationList;
			buildConfigurations = (
				D0E8AFBC2A03D389002EF2F4 /* Debug */,
				D0E8AFBD2A03D389002EF2F4 /* Release */,
			);
			defaultConfigurationIsVisible = 0;
			defaultConfigurationName = Release;
		};
		D0E8AFBE2A03D389002EF2F4 /* Build configuration list for PBXNativeTarget "Yyussa Rent" */ = {
			isa = XCConfigurationList;
			buildConfigurations = (
				D0E8AFBF2A03D389002EF2F4 /* Debug */,
				D0E8AFC02A03D389002EF2F4 /* Release */,
			);
			defaultConfigurationIsVisible = 0;
			defaultConfigurationName = Release;
		};
		D0E8AFC12A03D389002EF2F4 /* Build configuration list for PBXNativeTarget "Yyussa RentTests" */ = {
			isa = XCConfigurationList;
			buildConfigurations = (
				D0E8AFC22A03D389002EF2F4 /* Debug */,
				D0E8AFC32A03D389002EF2F4 /* Release */,
			);
			defaultConfigurationIsVisible = 0;
			defaultConfigurationName = Release;
		};
		D0E8AFC42A03D389002EF2F4 /* Build configuration list for PBXNativeTarget "Yyussa RentUITests" */ = {
			isa = XCConfigurationList;
			buildConfigurations = (
				D0E8AFC52A03D389002EF2F4 /* Debug */,
				D0E8AFC62A03D389002EF2F4 /* Release */,
			);
			defaultConfigurationIsVisible = 0;
			defaultConfigurationName = Release;
		};
/* End XCConfigurationList section */

/* Begin XCRemoteSwiftPackageReference section */
		D01BD5D32A08F320004D095F /* XCRemoteSwiftPackageReference "Alamofire" */ = {
			isa = XCRemoteSwiftPackageReference;
			repositoryURL = "https://github.com/Alamofire/Alamofire.git";
			requirement = {
				kind = upToNextMajorVersion;
				minimumVersion = 5.0.0;
			};
		};
		D0CA15C62A0E3D3F005BE082 /* XCRemoteSwiftPackageReference "shimmer" */ = {
			isa = XCRemoteSwiftPackageReference;
			repositoryURL = "https://github.com/joshuajhomann/shimmer";
			requirement = {
				branch = master;
				kind = branch;
			};
		};
/* End XCRemoteSwiftPackageReference section */

/* Begin XCSwiftPackageProductDependency section */
		D01BD5D42A08F320004D095F /* Alamofire */ = {
			isa = XCSwiftPackageProductDependency;
			package = D01BD5D32A08F320004D095F /* XCRemoteSwiftPackageReference "Alamofire" */;
			productName = Alamofire;
		};
		D0CA15C72A0E3D3F005BE082 /* Shimmer */ = {
			isa = XCSwiftPackageProductDependency;
			package = D0CA15C62A0E3D3F005BE082 /* XCRemoteSwiftPackageReference "shimmer" */;
			productName = Shimmer;
		};
/* End XCSwiftPackageProductDependency section */

/* Begin XCVersionGroup section */
		D0E8AFA32A03D388002EF2F4 /* Yyussa_Rent.xcdatamodeld */ = {
			isa = XCVersionGroup;
			children = (
				D0E8AFA42A03D388002EF2F4 /* Yyussa_Rent.xcdatamodel */,
			);
			currentVersion = D0E8AFA42A03D388002EF2F4 /* Yyussa_Rent.xcdatamodel */;
			path = Yyussa_Rent.xcdatamodeld;
			sourceTree = "<group>";
			versionGroupType = wrapper.xcdatamodel;
		};
/* End XCVersionGroup section */
	};
	rootObject = D0E8AF8D2A03D386002EF2F4 /* Project object */;
}
